
Microsoft Visual Studio Solution File, Format Version 12.00
# Visual Studio Version 16
VisualStudioVersion = 25.0.1703.2
MinimumVisualStudioVersion = 10.0.40219.1
Project("{FAE04EC0-301F-11D3-BF4B-00C04F79EFBC}") = "ITVDN", "ITVDN\ITVDN.csproj", "{77227DCB-9480-4FC4-9EDF-4B62E97E081B}"
EndProject
Global
	GlobalSection(SolutionConfigurationPlatforms) = preSolution
		Debug|Any CPU = Debug|Any CPU
		Release|Any CPU = Release|Any CPU
	EndGlobalSection
	GlobalSection(ProjectConfigurationPlatforms) = postSolution
		{77227DCB-9480-4FC4-9EDF-4B62E97E081B}.Debug|Any CPU.ActiveCfg = Debug|Any CPU
		{77227DCB-9480-4FC4-9EDF-4B62E97E081B}.Debug|Any CPU.Build.0 = Debug|Any CPU
		{77227DCB-9480-4FC4-9EDF-4B62E97E081B}.Release|Any CPU.ActiveCfg = Release|Any CPU
		{77227DCB-9480-4FC4-9EDF-4B62E97E081B}.Release|Any CPU.Build.0 = Release|Any CPU
	EndGlobalSection
	GlobalSection(SolutionProperties) = preSolution
		HideSolutionNode = FALSE
	EndGlobalSection
	GlobalSection(ExtensibilityGlobals) = postSolution
		SolutionGuid = {0111D962-18A4-41BC-9836-8DA75232126B}
	EndGlobalSection
EndGlobal
